{
  "name": "mz-ui",
  "version": "0.0.1",
  "lockfileVersion": 1,
  "requires": true,
  "dependencies": {
    "@babel/helper-validator-identifier": {
      "version": "7.14.9",
      "resolved": "https://registry.nlark.com/@babel/helper-validator-identifier/download/@babel/helper-validator-identifier-7.14.9.tgz?cache=0&sync_timestamp=1627804430461&other_urls=https%3A%2F%2Fregistry.nlark.com%2F%40babel%2Fhelper-validator-identifier%2Fdownload%2F%40babel%2Fhelper-validator-identifier-7.14.9.tgz",
      "integrity": "sha1-ZlTRcbICT22O4VG/JQlpmRkTHUg="
    },
    "@babel/parser": {
      "version": "7.15.3",
      "resolved": "https://registry.nlark.com/@babel/parser/download/@babel/parser-7.15.3.tgz?cache=0&sync_timestamp=1628666443707&other_urls=https%3A%2F%2Fregistry.nlark.com%2F%40babel%2Fparser%2Fdownload%2F%40babel%2Fparser-7.15.3.tgz",
      "integrity": "sha1-NBbZvqdIBSz8tj28wnNoEFse2GI="
    },
    "@babel/types": {
      "version": "7.15.0",
      "resolved": "https://registry.nlark.com/@babel/types/download/@babel/types-7.15.0.tgz?cache=0&sync_timestamp=1628111608723&other_urls=https%3A%2F%2Fregistry.nlark.com%2F%40babel%2Ftypes%2Fdownload%2F%40babel%2Ftypes-7.15.0.tgz",
      "integrity": "sha1-Ya8R8ihsTpxpyo3rX0N1pzxy3L0=",
      "requires": {
        "@babel/helper-validator-identifier": "^7.14.9",
        "to-fast-properties": "^2.0.0"
      }
    },
    "@vue/compiler-core": {
      "version": "3.2.2",
      "resolved": "https://registry.nlark.com/@vue/compiler-core/download/@vue/compiler-core-3.2.2.tgz",
      "integrity": "sha1-jT4p8SlXntmxT0ivc1/Y2V8khQQ=",
      "requires": {
        "@babel/parser": "^7.12.0",
        "@babel/types": "^7.12.0",
        "@vue/shared": "3.2.2",
        "estree-walker": "^2.0.1",
        "source-map": "^0.6.1"
      }
    },
    "@vue/compiler-dom": {
      "version": "3.2.2",
      "resolved": "https://registry.nlark.com/@vue/compiler-dom/download/@vue/compiler-dom-3.2.2.tgz?cache=0&sync_timestamp=1628696486067&other_urls=https%3A%2F%2Fregistry.nlark.com%2F%40vue%2Fcompiler-dom%2Fdownload%2F%40vue%2Fcompiler-dom-3.2.2.tgz",
      "integrity": "sha1-JuGYSYdGxTBHw3RNJvyV5nBpKrc=",
      "requires": {
        "@vue/compiler-core": "3.2.2",
        "@vue/shared": "3.2.2"
      }
    },
    "@vue/reactivity": {
      "version": "3.2.2",
      "resolved": "https://registry.nlark.com/@vue/reactivity/download/@vue/reactivity-3.2.2.tgz",
      "integrity": "sha1-03ARpoOV4Dijz1JWr1LUjFkbBrY=",
      "requires": {
        "@vue/shared": "3.2.2"
      }
    },
    "@vue/runtime-core": {
      "version": "3.2.2",
      "resolved": "https://registry.nlark.com/@vue/runtime-core/download/@vue/runtime-core-3.2.2.tgz?cache=0&sync_timestamp=1628696463763&other_urls=https%3A%2F%2Fregistry.nlark.com%2F%40vue%2Fruntime-core%2Fdownload%2F%40vue%2Fruntime-core-3.2.2.tgz",
      "integrity": "sha1-uaclB4PeGd2N1v6/AICEsPkURYY=",
      "requires": {
        "@vue/reactivity": "3.2.2",
        "@vue/shared": "3.2.2"
      }
    },
    "@vue/runtime-dom": {
      "version": "3.2.2",
      "resolved": "https://registry.nlark.com/@vue/runtime-dom/download/@vue/runtime-dom-3.2.2.tgz?cache=0&sync_timestamp=1628696468457&other_urls=https%3A%2F%2Fregistry.nlark.com%2F%40vue%2Fruntime-dom%2Fdownload%2F%40vue%2Fruntime-dom-3.2.2.tgz",
      "integrity": "sha1-bQ2iPtHPxwJHf0uMXcT5M1yU4Rk=",
      "requires": {
        "@vue/runtime-core": "3.2.2",
        "@vue/shared": "3.2.2",
        "csstype": "^2.6.8"
      }
    },
    "@vue/shared": {
      "version": "3.2.2",
      "resolved": "https://registry.nlark.com/@vue/shared/download/@vue/shared-3.2.2.tgz",
      "integrity": "sha1-YQQYXr1Xr1oUrFHB9JGyIF/CQFQ="
    },
    "csstype": {
      "version": "2.6.17",
      "resolved": "https://registry.nlark.com/csstype/download/csstype-2.6.17.tgz?cache=0&sync_timestamp=1618818466657&other_urls=https%3A%2F%2Fregistry.nlark.com%2Fcsstype%2Fdownload%2Fcsstype-2.6.17.tgz",
      "integrity": "sha1-TPMOuH4dGgBdi2UQ+VKSQT9qHA4="
    },
    "estree-walker": {
      "version": "2.0.2",
      "resolved": "https://registry.npm.taobao.org/estree-walker/download/estree-walker-2.0.2.tgz?cache=0&sync_timestamp=1611956983677&other_urls=https%3A%2F%2Fregistry.npm.taobao.org%2Festree-walker%2Fdownload%2Festree-walker-2.0.2.tgz",
      "integrity": "sha1-UvAQF4wqTBF6d1fP6UKtt9LaTKw="
    },
    "source-map": {
      "version": "0.6.1",
      "resolved": "https://registry.npm.taobao.org/source-map/download/source-map-0.6.1.tgz",
      "integrity": "sha1-dHIq8y6WFOnCh6jQu95IteLxomM="
    },
    "to-fast-properties": {
      "version": "2.0.0",
      "resolved": "https://registry.nlark.com/to-fast-properties/download/to-fast-properties-2.0.0.tgz?cache=0&sync_timestamp=1628418855671&other_urls=https%3A%2F%2Fregistry.nlark.com%2Fto-fast-properties%2Fdownload%2Fto-fast-properties-2.0.0.tgz",
      "integrity": "sha1-3F5pjL0HkmW8c+A3doGk5Og/YW4="
    },
    "vue": {
      "version": "3.2.2",
      "resolved": "https://registry.nlark.com/vue/download/vue-3.2.2.tgz",
      "integrity": "sha1-EXFctxoCuu/Q9uZVLcYjaA6xvzI=",
      "requires": {
        "@vue/compiler-dom": "3.2.2",
        "@vue/runtime-dom": "3.2.2",
        "@vue/shared": "3.2.2"
      }
    }
  }
}
